
Microsoft Visual Studio Solution File, Format Version 12.00
Project("{FAE04EC0-301F-11D3-BF4B-00C04F79EFBC}") = "EchoLambda", "src\EchoLambda\EchoLambda.csproj", "{CE37B7BD-5345-439A-9D36-C85C9697CCA7}"
EndProject
Project("{2150E333-8FDC-42A3-9474-1A3956D46DE8}") = "Solution Items", "Solution Items", "{26111B38-0CBD-4F3C-9598-275DE0F6E99C}"
ProjectSection(SolutionItems) = preProject
EndProjectSection
EndProject
Global
EndGlobal
