{
    "name": "@amzn/codewhisperer-streaming",
    "version": "0.0.1",
    "lockfileVersion": 3,
    "requires": true,
    "packages": {
        "": {
            "name": "@amzn/codewhisperer-streaming",
            "version": "0.0.1",
            "hasInstallScript": true,
            "dependencies": {
                "@aws-crypto/sha256-browser": "3.0.0",
                "@aws-crypto/sha256-js": "3.0.0",
                "@aws-sdk/middleware-host-header": "3.425.0",
                "@aws-sdk/middleware-logger": "3.425.0",
                "@aws-sdk/middleware-recursion-detection": "3.425.0",
                "@aws-sdk/middleware-token": "3.425.0",
                "@aws-sdk/middleware-user-agent": "3.425.0",
                "@aws-sdk/region-config-resolver": "3.425.0",
                "@aws-sdk/types": "3.425.0",
                "@aws-sdk/util-user-agent-browser": "3.425.0",
                "@aws-sdk/util-user-agent-node": "3.425.0",
                "@smithy/config-resolver": "^2.0.11",
                "@smithy/eventstream-serde-browser": "^2.0.10",
                "@smithy/eventstream-serde-config-resolver": "^2.0.10",
                "@smithy/eventstream-serde-node": "^2.0.10",
                "@smithy/fetch-http-handler": "^2.2.1",
                "@smithy/hash-node": "^2.0.10",
                "@smithy/invalid-dependency": "^2.0.10",
                "@smithy/middleware-content-length": "^2.0.12",
                "@smithy/middleware-retry": "^2.0.13",
                "@smithy/middleware-serde": "^2.0.10",
                "@smithy/middleware-stack": "^2.0.4",
                "@smithy/node-config-provider": "^2.0.13",
                "@smithy/node-http-handler": "^2.1.6",
                "@smithy/protocol-http": "^3.0.6",
                "@smithy/smithy-client": "^2.1.9",
                "@smithy/types": "^2.3.4",
                "@smithy/url-parser": "^2.0.10",
                "@smithy/util-base64": "^2.0.0",
                "@smithy/util-body-length-browser": "^2.0.0",
                "@smithy/util-body-length-node": "^2.1.0",
                "@smithy/util-defaults-mode-browser": "^2.0.13",
                "@smithy/util-defaults-mode-node": "^2.0.15",
                "@smithy/util-retry": "^2.0.3",
                "@smithy/util-utf8": "^2.0.0",
                "tslib": "^2.5.0",
                "uuid": "^8.3.2"
            },
            "devDependencies": {
                "@smithy/service-client-documentation-generator": "^2.0.0",
                "@tsconfig/node14": "1.0.3",
                "@types/node": "^14.14.31",
                "@types/uuid": "^8.3.0",
                "concurrently": "7.0.0",
                "downlevel-dts": "0.10.1",
                "rimraf": "^3.0.0",
                "typedoc": "0.23.23",
                "typescript": "~4.9.5"
            },
            "engines": {
                "node": ">=14.0.0"
            }
        },
        "node_modules/@aws-crypto/crc32": {
            "version": "3.0.0",
            "license": "Apache-2.0",
            "dependencies": {
                "@aws-crypto/util": "^3.0.0",
                "@aws-sdk/types": "^3.222.0",
                "tslib": "^1.11.1"
            }
        },
        "node_modules/@aws-crypto/crc32/node_modules/tslib": {
            "version": "1.14.1",
            "license": "0BSD"
        },
        "node_modules/@aws-crypto/ie11-detection": {
            "version": "3.0.0",
            "license": "Apache-2.0",
            "dependencies": {
                "tslib": "^1.11.1"
            }
        },
        "node_modules/@aws-crypto/ie11-detection/node_modules/tslib": {
            "version": "1.14.1",
            "license": "0BSD"
        },
        "node_modules/@aws-crypto/sha256-browser": {
            "version": "3.0.0",
            "license": "Apache-2.0",
            "dependencies": {
                "@aws-crypto/ie11-detection": "^3.0.0",
                "@aws-crypto/sha256-js": "^3.0.0",
                "@aws-crypto/supports-web-crypto": "^3.0.0",
                "@aws-crypto/util": "^3.0.0",
                "@aws-sdk/types": "^3.222.0",
                "@aws-sdk/util-locate-window": "^3.0.0",
                "@aws-sdk/util-utf8-browser": "^3.0.0",
                "tslib": "^1.11.1"
            }
        },
        "node_modules/@aws-crypto/sha256-browser/node_modules/tslib": {
            "version": "1.14.1",
            "license": "0BSD"
        },
        "node_modules/@aws-crypto/sha256-js": {
            "version": "3.0.0",
            "license": "Apache-2.0",
            "dependencies": {
                "@aws-crypto/util": "^3.0.0",
                "@aws-sdk/types": "^3.222.0",
                "tslib": "^1.11.1"
            }
        },
        "node_modules/@aws-crypto/sha256-js/node_modules/tslib": {
            "version": "1.14.1",
            "license": "0BSD"
        },
        "node_modules/@aws-crypto/supports-web-crypto": {
            "version": "3.0.0",
            "license": "Apache-2.0",
            "dependencies": {
                "tslib": "^1.11.1"
            }
        },
        "node_modules/@aws-crypto/supports-web-crypto/node_modules/tslib": {
            "version": "1.14.1",
            "license": "0BSD"
        },
        "node_modules/@aws-crypto/util": {
            "version": "3.0.0",
            "license": "Apache-2.0",
            "dependencies": {
                "@aws-sdk/types": "^3.222.0",
                "@aws-sdk/util-utf8-browser": "^3.0.0",
                "tslib": "^1.11.1"
            }
        },
        "node_modules/@aws-crypto/util/node_modules/tslib": {
            "version": "1.14.1",
            "license": "0BSD"
        },
        "node_modules/@aws-sdk/middleware-host-header": {
            "version": "3.425.0",
            "license": "Apache-2.0",
            "dependencies": {
                "@aws-sdk/types": "3.425.0",
                "@smithy/protocol-http": "^3.0.6",
                "@smithy/types": "^2.3.4",
                "tslib": "^2.5.0"
            },
            "engines": {
                "node": ">=14.0.0"
            }
        },
        "node_modules/@aws-sdk/middleware-logger": {
            "version": "3.425.0",
            "license": "Apache-2.0",
            "dependencies": {
                "@aws-sdk/types": "3.425.0",
                "@smithy/types": "^2.3.4",
                "tslib": "^2.5.0"
            },
            "engines": {
                "node": ">=14.0.0"
            }
        },
        "node_modules/@aws-sdk/middleware-recursion-detection": {
            "version": "3.425.0",
            "license": "Apache-2.0",
            "dependencies": {
                "@aws-sdk/types": "3.425.0",
                "@smithy/protocol-http": "^3.0.6",
                "@smithy/types": "^2.3.4",
                "tslib": "^2.5.0"
            },
            "engines": {
                "node": ">=14.0.0"
            }
        },
        "node_modules/@aws-sdk/middleware-token": {
            "version": "3.425.0",
            "license": "Apache-2.0",
            "dependencies": {
                "@aws-sdk/token-providers": "3.425.0",
                "@aws-sdk/types": "3.425.0",
                "@smithy/property-provider": "^2.0.0",
                "@smithy/protocol-http": "^3.0.6",
                "@smithy/types": "^2.3.4",
                "@smithy/util-middleware": "^2.0.3",
                "tslib": "^2.5.0"
            },
            "engines": {
                "node": ">=14.0.0"
            }
        },
        "node_modules/@aws-sdk/middleware-user-agent": {
            "version": "3.425.0",
            "license": "Apache-2.0",
            "dependencies": {
                "@aws-sdk/types": "3.425.0",
                "@aws-sdk/util-endpoints": "3.425.0",
                "@smithy/protocol-http": "^3.0.6",
                "@smithy/types": "^2.3.4",
                "tslib": "^2.5.0"
            },
            "engines": {
                "node": ">=14.0.0"
            }
        },
        "node_modules/@aws-sdk/region-config-resolver": {
            "version": "3.425.0",
            "license": "Apache-2.0",
            "dependencies": {
                "@smithy/node-config-provider": "^2.0.13",
                "@smithy/types": "^2.3.4",
                "@smithy/util-config-provider": "^2.0.0",
                "@smithy/util-middleware": "^2.0.3",
                "tslib": "^2.5.0"
            },
            "engines": {
                "node": ">=14.0.0"
            }
        },
        "node_modules/@aws-sdk/token-providers": {
            "version": "3.425.0",
            "license": "Apache-2.0",
            "dependencies": {
                "@aws-crypto/sha256-browser": "3.0.0",
                "@aws-crypto/sha256-js": "3.0.0",
                "@aws-sdk/middleware-host-header": "3.425.0",
                "@aws-sdk/middleware-logger": "3.425.0",
                "@aws-sdk/middleware-recursion-detection": "3.425.0",
                "@aws-sdk/middleware-user-agent": "3.425.0",
                "@aws-sdk/types": "3.425.0",
                "@aws-sdk/util-endpoints": "3.425.0",
                "@aws-sdk/util-user-agent-browser": "3.425.0",
                "@aws-sdk/util-user-agent-node": "3.425.0",
                "@smithy/config-resolver": "^2.0.11",
                "@smithy/fetch-http-handler": "^2.2.1",
                "@smithy/hash-node": "^2.0.10",
                "@smithy/invalid-dependency": "^2.0.10",
                "@smithy/middleware-content-length": "^2.0.12",
                "@smithy/middleware-endpoint": "^2.0.10",
                "@smithy/middleware-retry": "^2.0.13",
                "@smithy/middleware-serde": "^2.0.10",
                "@smithy/middleware-stack": "^2.0.4",
                "@smithy/node-config-provider": "^2.0.13",
                "@smithy/node-http-handler": "^2.1.6",
                "@smithy/property-provider": "^2.0.0",
                "@smithy/protocol-http": "^3.0.6",
                "@smithy/shared-ini-file-loader": "^2.0.6",
                "@smithy/smithy-client": "^2.1.9",
                "@smithy/types": "^2.3.4",
                "@smithy/url-parser": "^2.0.10",
                "@smithy/util-base64": "^2.0.0",
                "@smithy/util-body-length-browser": "^2.0.0",
                "@smithy/util-body-length-node": "^2.1.0",
                "@smithy/util-defaults-mode-browser": "^2.0.13",
                "@smithy/util-defaults-mode-node": "^2.0.15",
                "@smithy/util-retry": "^2.0.3",
                "@smithy/util-utf8": "^2.0.0",
                "tslib": "^2.5.0"
            },
            "engines": {
                "node": ">=14.0.0"
            }
        },
        "node_modules/@aws-sdk/types": {
            "version": "3.425.0",
            "license": "Apache-2.0",
            "dependencies": {
                "@smithy/types": "^2.3.4",
                "tslib": "^2.5.0"
            },
            "engines": {
                "node": ">=14.0.0"
            }
        },
        "node_modules/@aws-sdk/util-endpoints": {
            "version": "3.425.0",
            "license": "Apache-2.0",
            "dependencies": {
                "@aws-sdk/types": "3.425.0",
                "tslib": "^2.5.0"
            },
            "engines": {
                "node": ">=14.0.0"
            }
        },
        "node_modules/@aws-sdk/util-locate-window": {
            "version": "3.568.0",
            "license": "Apache-2.0",
            "dependencies": {
                "tslib": "^2.6.2"
            },
            "engines": {
                "node": ">=16.0.0"
            }
        },
        "node_modules/@aws-sdk/util-user-agent-browser": {
            "version": "3.425.0",
            "license": "Apache-2.0",
            "dependencies": {
                "@aws-sdk/types": "3.425.0",
                "@smithy/types": "^2.3.4",
                "bowser": "^2.11.0",
                "tslib": "^2.5.0"
            }
        },
        "node_modules/@aws-sdk/util-user-agent-node": {
            "version": "3.425.0",
            "license": "Apache-2.0",
            "dependencies": {
                "@aws-sdk/types": "3.425.0",
                "@smithy/node-config-provider": "^2.0.13",
                "@smithy/types": "^2.3.4",
                "tslib": "^2.5.0"
            },
            "engines": {
                "node": ">=14.0.0"
            },
            "peerDependencies": {
                "aws-crt": ">=1.0.0"
            },
            "peerDependenciesMeta": {
                "aws-crt": {
                    "optional": true
                }
            }
        },
        "node_modules/@aws-sdk/util-utf8-browser": {
            "version": "3.259.0",
            "license": "Apache-2.0",
            "dependencies": {
                "tslib": "^2.3.1"
            }
        },
        "node_modules/@babel/runtime": {
            "version": "7.25.6",
            "dev": true,
            "license": "MIT",
            "dependencies": {
                "regenerator-runtime": "^0.14.0"
            },
            "engines": {
                "node": ">=6.9.0"
            }
        },
        "node_modules/@smithy/abort-controller": {
            "version": "2.2.0",
            "license": "Apache-2.0",
            "dependencies": {
                "@smithy/types": "^2.12.0",
                "tslib": "^2.6.2"
            },
            "engines": {
                "node": ">=14.0.0"
            }
        },
        "node_modules/@smithy/config-resolver": {
            "version": "2.2.0",
            "license": "Apache-2.0",
            "dependencies": {
                "@smithy/node-config-provider": "^2.3.0",
                "@smithy/types": "^2.12.0",
                "@smithy/util-config-provider": "^2.3.0",
                "@smithy/util-middleware": "^2.2.0",
                "tslib": "^2.6.2"
            },
            "engines": {
                "node": ">=14.0.0"
            }
        },
        "node_modules/@smithy/credential-provider-imds": {
            "version": "2.3.0",
            "license": "Apache-2.0",
            "dependencies": {
                "@smithy/node-config-provider": "^2.3.0",
                "@smithy/property-provider": "^2.2.0",
                "@smithy/types": "^2.12.0",
                "@smithy/url-parser": "^2.2.0",
                "tslib": "^2.6.2"
            },
            "engines": {
                "node": ">=14.0.0"
            }
        },
        "node_modules/@smithy/eventstream-codec": {
            "version": "2.2.0",
            "license": "Apache-2.0",
            "dependencies": {
                "@aws-crypto/crc32": "3.0.0",
                "@smithy/types": "^2.12.0",
                "@smithy/util-hex-encoding": "^2.2.0",
                "tslib": "^2.6.2"
            }
        },
        "node_modules/@smithy/eventstream-serde-browser": {
            "version": "2.2.0",
            "license": "Apache-2.0",
            "dependencies": {
                "@smithy/eventstream-serde-universal": "^2.2.0",
                "@smithy/types": "^2.12.0",
                "tslib": "^2.6.2"
            },
            "engines": {
                "node": ">=14.0.0"
            }
        },
        "node_modules/@smithy/eventstream-serde-config-resolver": {
            "version": "2.2.0",
            "license": "Apache-2.0",
            "dependencies": {
                "@smithy/types": "^2.12.0",
                "tslib": "^2.6.2"
            },
            "engines": {
                "node": ">=14.0.0"
            }
        },
        "node_modules/@smithy/eventstream-serde-node": {
            "version": "2.2.0",
            "license": "Apache-2.0",
            "dependencies": {
                "@smithy/eventstream-serde-universal": "^2.2.0",
                "@smithy/types": "^2.12.0",
                "tslib": "^2.6.2"
            },
            "engines": {
                "node": ">=14.0.0"
            }
        },
        "node_modules/@smithy/eventstream-serde-universal": {
            "version": "2.2.0",
            "license": "Apache-2.0",
            "dependencies": {
                "@smithy/eventstream-codec": "^2.2.0",
                "@smithy/types": "^2.12.0",
                "tslib": "^2.6.2"
            },
            "engines": {
                "node": ">=14.0.0"
            }
        },
        "node_modules/@smithy/fetch-http-handler": {
            "version": "2.5.0",
            "license": "Apache-2.0",
            "dependencies": {
                "@smithy/protocol-http": "^3.3.0",
                "@smithy/querystring-builder": "^2.2.0",
                "@smithy/types": "^2.12.0",
                "@smithy/util-base64": "^2.3.0",
                "tslib": "^2.6.2"
            }
        },
        "node_modules/@smithy/hash-node": {
            "version": "2.2.0",
            "license": "Apache-2.0",
            "dependencies": {
                "@smithy/types": "^2.12.0",
                "@smithy/util-buffer-from": "^2.2.0",
                "@smithy/util-utf8": "^2.3.0",
                "tslib": "^2.6.2"
            },
            "engines": {
                "node": ">=14.0.0"
            }
        },
        "node_modules/@smithy/invalid-dependency": {
            "version": "2.2.0",
            "license": "Apache-2.0",
            "dependencies": {
                "@smithy/types": "^2.12.0",
                "tslib": "^2.6.2"
            }
        },
        "node_modules/@smithy/is-array-buffer": {
            "version": "2.2.0",
            "license": "Apache-2.0",
            "dependencies": {
                "tslib": "^2.6.2"
            },
            "engines": {
                "node": ">=14.0.0"
            }
        },
        "node_modules/@smithy/middleware-content-length": {
            "version": "2.2.0",
            "license": "Apache-2.0",
            "dependencies": {
                "@smithy/protocol-http": "^3.3.0",
                "@smithy/types": "^2.12.0",
                "tslib": "^2.6.2"
            },
            "engines": {
                "node": ">=14.0.0"
            }
        },
        "node_modules/@smithy/middleware-endpoint": {
            "version": "2.5.1",
            "license": "Apache-2.0",
            "dependencies": {
                "@smithy/middleware-serde": "^2.3.0",
                "@smithy/node-config-provider": "^2.3.0",
                "@smithy/shared-ini-file-loader": "^2.4.0",
                "@smithy/types": "^2.12.0",
                "@smithy/url-parser": "^2.2.0",
                "@smithy/util-middleware": "^2.2.0",
                "tslib": "^2.6.2"
            },
            "engines": {
                "node": ">=14.0.0"
            }
        },
        "node_modules/@smithy/middleware-retry": {
            "version": "2.3.1",
            "license": "Apache-2.0",
            "dependencies": {
                "@smithy/node-config-provider": "^2.3.0",
                "@smithy/protocol-http": "^3.3.0",
                "@smithy/service-error-classification": "^2.1.5",
                "@smithy/smithy-client": "^2.5.1",
                "@smithy/types": "^2.12.0",
                "@smithy/util-middleware": "^2.2.0",
                "@smithy/util-retry": "^2.2.0",
                "tslib": "^2.6.2",
                "uuid": "^9.0.1"
            },
            "engines": {
                "node": ">=14.0.0"
            }
        },
        "node_modules/@smithy/middleware-retry/node_modules/uuid": {
            "version": "9.0.1",
            "funding": [
                "https://github.com/sponsors/broofa",
                "https://github.com/sponsors/ctavan"
            ],
            "license": "MIT",
            "bin": {
                "uuid": "dist/bin/uuid"
            }
        },
        "node_modules/@smithy/middleware-serde": {
            "version": "2.3.0",
            "license": "Apache-2.0",
            "dependencies": {
                "@smithy/types": "^2.12.0",
                "tslib": "^2.6.2"
            },
            "engines": {
                "node": ">=14.0.0"
            }
        },
        "node_modules/@smithy/middleware-stack": {
            "version": "2.2.0",
            "license": "Apache-2.0",
            "dependencies": {
                "@smithy/types": "^2.12.0",
                "tslib": "^2.6.2"
            },
            "engines": {
                "node": ">=14.0.0"
            }
        },
        "node_modules/@smithy/node-config-provider": {
            "version": "2.3.0",
            "license": "Apache-2.0",
            "dependencies": {
                "@smithy/property-provider": "^2.2.0",
                "@smithy/shared-ini-file-loader": "^2.4.0",
                "@smithy/types": "^2.12.0",
                "tslib": "^2.6.2"
            },
            "engines": {
                "node": ">=14.0.0"
            }
        },
        "node_modules/@smithy/node-http-handler": {
            "version": "2.5.0",
            "license": "Apache-2.0",
            "dependencies": {
                "@smithy/abort-controller": "^2.2.0",
                "@smithy/protocol-http": "^3.3.0",
                "@smithy/querystring-builder": "^2.2.0",
                "@smithy/types": "^2.12.0",
                "tslib": "^2.6.2"
            },
            "engines": {
                "node": ">=14.0.0"
            }
        },
        "node_modules/@smithy/property-provider": {
            "version": "2.2.0",
            "license": "Apache-2.0",
            "dependencies": {
                "@smithy/types": "^2.12.0",
                "tslib": "^2.6.2"
            },
            "engines": {
                "node": ">=14.0.0"
            }
        },
        "node_modules/@smithy/protocol-http": {
            "version": "3.3.0",
            "license": "Apache-2.0",
            "dependencies": {
                "@smithy/types": "^2.12.0",
                "tslib": "^2.6.2"
            },
            "engines": {
                "node": ">=14.0.0"
            }
        },
        "node_modules/@smithy/querystring-builder": {
            "version": "2.2.0",
            "license": "Apache-2.0",
            "dependencies": {
                "@smithy/types": "^2.12.0",
                "@smithy/util-uri-escape": "^2.2.0",
                "tslib": "^2.6.2"
            },
            "engines": {
                "node": ">=14.0.0"
            }
        },
        "node_modules/@smithy/querystring-parser": {
            "version": "2.2.0",
            "license": "Apache-2.0",
            "dependencies": {
                "@smithy/types": "^2.12.0",
                "tslib": "^2.6.2"
            },
            "engines": {
                "node": ">=14.0.0"
            }
        },
        "node_modules/@smithy/service-client-documentation-generator": {
            "version": "2.2.0",
            "dev": true,
            "license": "Apache-2.0",
            "dependencies": {
                "tslib": "^2.6.2"
            }
        },
        "node_modules/@smithy/service-error-classification": {
            "version": "2.1.5",
            "license": "Apache-2.0",
            "dependencies": {
                "@smithy/types": "^2.12.0"
            },
            "engines": {
                "node": ">=14.0.0"
            }
        },
        "node_modules/@smithy/shared-ini-file-loader": {
            "version": "2.4.0",
            "license": "Apache-2.0",
            "dependencies": {
                "@smithy/types": "^2.12.0",
                "tslib": "^2.6.2"
            },
            "engines": {
                "node": ">=14.0.0"
            }
        },
        "node_modules/@smithy/smithy-client": {
            "version": "2.5.1",
            "license": "Apache-2.0",
            "dependencies": {
                "@smithy/middleware-endpoint": "^2.5.1",
                "@smithy/middleware-stack": "^2.2.0",
                "@smithy/protocol-http": "^3.3.0",
                "@smithy/types": "^2.12.0",
                "@smithy/util-stream": "^2.2.0",
                "tslib": "^2.6.2"
            },
            "engines": {
                "node": ">=14.0.0"
            }
        },
        "node_modules/@smithy/types": {
            "version": "2.12.0",
            "license": "Apache-2.0",
            "dependencies": {
                "tslib": "^2.6.2"
            },
            "engines": {
                "node": ">=14.0.0"
            }
        },
        "node_modules/@smithy/url-parser": {
            "version": "2.2.0",
            "license": "Apache-2.0",
            "dependencies": {
                "@smithy/querystring-parser": "^2.2.0",
                "@smithy/types": "^2.12.0",
                "tslib": "^2.6.2"
            }
        },
        "node_modules/@smithy/util-base64": {
            "version": "2.3.0",
            "license": "Apache-2.0",
            "dependencies": {
                "@smithy/util-buffer-from": "^2.2.0",
                "@smithy/util-utf8": "^2.3.0",
                "tslib": "^2.6.2"
            },
            "engines": {
                "node": ">=14.0.0"
            }
        },
        "node_modules/@smithy/util-body-length-browser": {
            "version": "2.2.0",
            "license": "Apache-2.0",
            "dependencies": {
                "tslib": "^2.6.2"
            }
        },
        "node_modules/@smithy/util-body-length-node": {
            "version": "2.3.0",
            "license": "Apache-2.0",
            "dependencies": {
                "tslib": "^2.6.2"
            },
            "engines": {
                "node": ">=14.0.0"
            }
        },
        "node_modules/@smithy/util-buffer-from": {
            "version": "2.2.0",
            "license": "Apache-2.0",
            "dependencies": {
                "@smithy/is-array-buffer": "^2.2.0",
                "tslib": "^2.6.2"
            },
            "engines": {
                "node": ">=14.0.0"
            }
        },
        "node_modules/@smithy/util-config-provider": {
            "version": "2.3.0",
            "license": "Apache-2.0",
            "dependencies": {
                "tslib": "^2.6.2"
            },
            "engines": {
                "node": ">=14.0.0"
            }
        },
        "node_modules/@smithy/util-defaults-mode-browser": {
            "version": "2.2.1",
            "license": "Apache-2.0",
            "dependencies": {
                "@smithy/property-provider": "^2.2.0",
                "@smithy/smithy-client": "^2.5.1",
                "@smithy/types": "^2.12.0",
                "bowser": "^2.11.0",
                "tslib": "^2.6.2"
            },
            "engines": {
                "node": ">= 10.0.0"
            }
        },
        "node_modules/@smithy/util-defaults-mode-node": {
            "version": "2.3.1",
            "license": "Apache-2.0",
            "dependencies": {
                "@smithy/config-resolver": "^2.2.0",
                "@smithy/credential-provider-imds": "^2.3.0",
                "@smithy/node-config-provider": "^2.3.0",
                "@smithy/property-provider": "^2.2.0",
                "@smithy/smithy-client": "^2.5.1",
                "@smithy/types": "^2.12.0",
                "tslib": "^2.6.2"
            },
            "engines": {
                "node": ">= 10.0.0"
            }
        },
        "node_modules/@smithy/util-hex-encoding": {
            "version": "2.2.0",
            "license": "Apache-2.0",
            "dependencies": {
                "tslib": "^2.6.2"
            },
            "engines": {
                "node": ">=14.0.0"
            }
        },
        "node_modules/@smithy/util-middleware": {
            "version": "2.2.0",
            "license": "Apache-2.0",
            "dependencies": {
                "@smithy/types": "^2.12.0",
                "tslib": "^2.6.2"
            },
            "engines": {
                "node": ">=14.0.0"
            }
        },
        "node_modules/@smithy/util-retry": {
            "version": "2.2.0",
            "license": "Apache-2.0",
            "dependencies": {
                "@smithy/service-error-classification": "^2.1.5",
                "@smithy/types": "^2.12.0",
                "tslib": "^2.6.2"
            },
            "engines": {
                "node": ">= 14.0.0"
            }
        },
        "node_modules/@smithy/util-stream": {
            "version": "2.2.0",
            "license": "Apache-2.0",
            "dependencies": {
                "@smithy/fetch-http-handler": "^2.5.0",
                "@smithy/node-http-handler": "^2.5.0",
                "@smithy/types": "^2.12.0",
                "@smithy/util-base64": "^2.3.0",
                "@smithy/util-buffer-from": "^2.2.0",
                "@smithy/util-hex-encoding": "^2.2.0",
                "@smithy/util-utf8": "^2.3.0",
                "tslib": "^2.6.2"
            },
            "engines": {
                "node": ">=14.0.0"
            }
        },
        "node_modules/@smithy/util-uri-escape": {
            "version": "2.2.0",
            "license": "Apache-2.0",
            "dependencies": {
                "tslib": "^2.6.2"
            },
            "engines": {
                "node": ">=14.0.0"
            }
        },
        "node_modules/@smithy/util-utf8": {
            "version": "2.3.0",
            "license": "Apache-2.0",
            "dependencies": {
                "@smithy/util-buffer-from": "^2.2.0",
                "tslib": "^2.6.2"
            },
            "engines": {
                "node": ">=14.0.0"
            }
        },
        "node_modules/@tsconfig/node14": {
            "version": "1.0.3",
            "dev": true,
            "license": "MIT"
        },
        "node_modules/@types/node": {
            "version": "14.18.63",
            "dev": true,
            "license": "MIT"
        },
        "node_modules/@types/uuid": {
            "version": "8.3.4",
            "dev": true,
            "license": "MIT"
        },
        "node_modules/ansi-regex": {
            "version": "5.0.1",
            "dev": true,
            "license": "MIT",
            "engines": {
                "node": ">=8"
            }
        },
        "node_modules/ansi-styles": {
            "version": "4.3.0",
            "dev": true,
            "license": "MIT",
            "dependencies": {
                "color-convert": "^2.0.1"
            },
            "engines": {
                "node": ">=8"
            },
            "funding": {
                "url": "https://github.com/chalk/ansi-styles?sponsor=1"
            }
        },
        "node_modules/balanced-match": {
            "version": "1.0.2",
            "dev": true,
            "license": "MIT"
        },
        "node_modules/bowser": {
            "version": "2.11.0",
            "license": "MIT"
        },
        "node_modules/brace-expansion": {
            "version": "2.0.1",
            "dev": true,
            "license": "MIT",
            "dependencies": {
                "balanced-match": "^1.0.0"
            }
        },
        "node_modules/chalk": {
            "version": "4.1.2",
            "dev": true,
            "license": "MIT",
            "dependencies": {
                "ansi-styles": "^4.1.0",
                "supports-color": "^7.1.0"
            },
            "engines": {
                "node": ">=10"
            },
            "funding": {
                "url": "https://github.com/chalk/chalk?sponsor=1"
            }
        },
        "node_modules/chalk/node_modules/supports-color": {
            "version": "7.2.0",
            "dev": true,
            "license": "MIT",
            "dependencies": {
                "has-flag": "^4.0.0"
            },
            "engines": {
                "node": ">=8"
            }
        },
        "node_modules/cliui": {
            "version": "7.0.4",
            "dev": true,
            "license": "ISC",
            "dependencies": {
                "string-width": "^4.2.0",
                "strip-ansi": "^6.0.0",
                "wrap-ansi": "^7.0.0"
            }
        },
        "node_modules/color-convert": {
            "version": "2.0.1",
            "dev": true,
            "license": "MIT",
            "dependencies": {
                "color-name": "~1.1.4"
            },
            "engines": {
                "node": ">=7.0.0"
            }
        },
        "node_modules/color-name": {
            "version": "1.1.4",
            "dev": true,
            "license": "MIT"
        },
        "node_modules/concat-map": {
            "version": "0.0.1",
            "dev": true,
            "license": "MIT"
        },
        "node_modules/concurrently": {
            "version": "7.0.0",
            "dev": true,
            "license": "MIT",
            "dependencies": {
                "chalk": "^4.1.0",
                "date-fns": "^2.16.1",
                "lodash": "^4.17.21",
                "rxjs": "^6.6.3",
                "spawn-command": "^0.0.2-1",
                "supports-color": "^8.1.0",
                "tree-kill": "^1.2.2",
                "yargs": "^16.2.0"
            },
            "bin": {
                "concurrently": "dist/bin/concurrently.js"
            },
            "engines": {
                "node": "^12.20.0 || ^14.13.0 || >=16.0.0"
            }
        },
        "node_modules/date-fns": {
            "version": "2.30.0",
            "dev": true,
            "license": "MIT",
            "dependencies": {
                "@babel/runtime": "^7.21.0"
            },
            "engines": {
                "node": ">=0.11"
            },
            "funding": {
                "type": "opencollective",
                "url": "https://opencollective.com/date-fns"
            }
        },
        "node_modules/downlevel-dts": {
            "version": "0.10.1",
            "dev": true,
            "license": "MIT",
            "dependencies": {
                "semver": "^7.3.2",
                "shelljs": "^0.8.3",
                "typescript": "next"
            },
            "bin": {
                "downlevel-dts": "index.js"
            }
        },
        "node_modules/downlevel-dts/node_modules/typescript": {
            "version": "5.7.0-dev.20240926",
            "resolved": "https://registry.npmjs.org/typescript/-/typescript-5.7.0-dev.20240926.tgz",
            "integrity": "sha512-urjGXo3L23oEcK2thBaZ71DdA6My+NeeTuNIUJfYszrplyk//HIgV1yl40S+eQcya4vwmH14dhDDDH4vl4dlng==",
            "dev": true,
            "bin": {
                "tsc": "bin/tsc",
                "tsserver": "bin/tsserver"
            },
            "engines": {
                "node": ">=14.17"
            }
        },
        "node_modules/emoji-regex": {
            "version": "8.0.0",
            "dev": true,
            "license": "MIT"
        },
        "node_modules/escalade": {
            "version": "3.2.0",
            "dev": true,
            "license": "MIT",
            "engines": {
                "node": ">=6"
            }
        },
        "node_modules/fs.realpath": {
            "version": "1.0.0",
            "dev": true,
            "license": "ISC"
        },
        "node_modules/function-bind": {
            "version": "1.1.2",
            "dev": true,
            "license": "MIT",
            "funding": {
                "url": "https://github.com/sponsors/ljharb"
            }
        },
        "node_modules/get-caller-file": {
            "version": "2.0.5",
            "dev": true,
            "license": "ISC",
            "engines": {
                "node": "6.* || 8.* || >= 10.*"
            }
        },
        "node_modules/glob": {
            "version": "7.2.3",
            "dev": true,
            "license": "ISC",
            "dependencies": {
                "fs.realpath": "^1.0.0",
                "inflight": "^1.0.4",
                "inherits": "2",
                "minimatch": "^3.1.1",
                "once": "^1.3.0",
                "path-is-absolute": "^1.0.0"
            },
            "engines": {
                "node": "*"
            },
            "funding": {
                "url": "https://github.com/sponsors/isaacs"
            }
        },
        "node_modules/glob/node_modules/brace-expansion": {
            "version": "1.1.11",
            "dev": true,
            "license": "MIT",
            "dependencies": {
                "balanced-match": "^1.0.0",
                "concat-map": "0.0.1"
            }
        },
        "node_modules/glob/node_modules/minimatch": {
            "version": "3.1.2",
            "dev": true,
            "license": "ISC",
            "dependencies": {
                "brace-expansion": "^1.1.7"
            },
            "engines": {
                "node": "*"
            }
        },
        "node_modules/has-flag": {
            "version": "4.0.0",
            "dev": true,
            "license": "MIT",
            "engines": {
                "node": ">=8"
            }
        },
        "node_modules/hasown": {
            "version": "2.0.2",
            "dev": true,
            "license": "MIT",
            "dependencies": {
                "function-bind": "^1.1.2"
            },
            "engines": {
                "node": ">= 0.4"
            }
        },
        "node_modules/inflight": {
            "version": "1.0.6",
            "dev": true,
            "license": "ISC",
            "dependencies": {
                "once": "^1.3.0",
                "wrappy": "1"
            }
        },
        "node_modules/inherits": {
            "version": "2.0.4",
            "dev": true,
            "license": "ISC"
        },
        "node_modules/interpret": {
            "version": "1.4.0",
            "dev": true,
            "license": "MIT",
            "engines": {
                "node": ">= 0.10"
            }
        },
        "node_modules/is-core-module": {
            "version": "2.15.1",
            "dev": true,
            "license": "MIT",
            "dependencies": {
                "hasown": "^2.0.2"
            },
            "engines": {
                "node": ">= 0.4"
            },
            "funding": {
                "url": "https://github.com/sponsors/ljharb"
            }
        },
        "node_modules/is-fullwidth-code-point": {
            "version": "3.0.0",
            "dev": true,
            "license": "MIT",
            "engines": {
                "node": ">=8"
            }
        },
        "node_modules/jsonc-parser": {
            "version": "3.3.1",
            "dev": true,
            "license": "MIT"
        },
        "node_modules/lodash": {
            "version": "4.17.21",
            "dev": true,
            "license": "MIT"
        },
        "node_modules/lunr": {
            "version": "2.3.9",
            "dev": true,
            "license": "MIT"
        },
        "node_modules/marked": {
            "version": "4.3.0",
            "dev": true,
            "license": "MIT",
            "bin": {
                "marked": "bin/marked.js"
            },
            "engines": {
                "node": ">= 12"
            }
        },
        "node_modules/minimatch": {
            "version": "5.1.6",
            "dev": true,
            "license": "ISC",
            "dependencies": {
                "brace-expansion": "^2.0.1"
            },
            "engines": {
                "node": ">=10"
            }
        },
        "node_modules/once": {
            "version": "1.4.0",
            "dev": true,
            "license": "ISC",
            "dependencies": {
                "wrappy": "1"
            }
        },
        "node_modules/path-is-absolute": {
            "version": "1.0.1",
            "dev": true,
            "license": "MIT",
            "engines": {
                "node": ">=0.10.0"
            }
        },
        "node_modules/path-parse": {
            "version": "1.0.7",
            "dev": true,
            "license": "MIT"
        },
        "node_modules/rechoir": {
            "version": "0.6.2",
            "dev": true,
            "dependencies": {
                "resolve": "^1.1.6"
            },
            "engines": {
                "node": ">= 0.10"
            }
        },
        "node_modules/regenerator-runtime": {
            "version": "0.14.1",
            "dev": true,
            "license": "MIT"
        },
        "node_modules/require-directory": {
            "version": "2.1.1",
            "dev": true,
            "license": "MIT",
            "engines": {
                "node": ">=0.10.0"
            }
        },
        "node_modules/resolve": {
            "version": "1.22.8",
            "dev": true,
            "license": "MIT",
            "dependencies": {
                "is-core-module": "^2.13.0",
                "path-parse": "^1.0.7",
                "supports-preserve-symlinks-flag": "^1.0.0"
            },
            "bin": {
                "resolve": "bin/resolve"
            },
            "funding": {
                "url": "https://github.com/sponsors/ljharb"
            }
        },
        "node_modules/rimraf": {
            "version": "3.0.2",
            "dev": true,
            "license": "ISC",
            "dependencies": {
                "glob": "^7.1.3"
            },
            "bin": {
                "rimraf": "bin.js"
            },
            "funding": {
                "url": "https://github.com/sponsors/isaacs"
            }
        },
        "node_modules/rxjs": {
            "version": "6.6.7",
            "dev": true,
            "license": "Apache-2.0",
            "dependencies": {
                "tslib": "^1.9.0"
            },
            "engines": {
                "npm": ">=2.0.0"
            }
        },
        "node_modules/rxjs/node_modules/tslib": {
            "version": "1.14.1",
            "dev": true,
            "license": "0BSD"
        },
        "node_modules/semver": {
            "version": "7.6.3",
            "dev": true,
            "license": "ISC",
            "bin": {
                "semver": "bin/semver.js"
            },
            "engines": {
                "node": ">=10"
            }
        },
        "node_modules/shelljs": {
            "version": "0.8.5",
            "dev": true,
            "license": "BSD-3-Clause",
            "dependencies": {
                "glob": "^7.0.0",
                "interpret": "^1.0.0",
                "rechoir": "^0.6.2"
            },
            "bin": {
                "shjs": "bin/shjs"
            },
            "engines": {
                "node": ">=4"
            }
        },
        "node_modules/shiki": {
            "version": "0.11.1",
            "dev": true,
            "license": "MIT",
            "dependencies": {
                "jsonc-parser": "^3.0.0",
                "vscode-oniguruma": "^1.6.1",
                "vscode-textmate": "^6.0.0"
            }
        },
        "node_modules/spawn-command": {
            "version": "0.0.2",
            "dev": true
        },
        "node_modules/string-width": {
            "version": "4.2.3",
            "dev": true,
            "license": "MIT",
            "dependencies": {
                "emoji-regex": "^8.0.0",
                "is-fullwidth-code-point": "^3.0.0",
                "strip-ansi": "^6.0.1"
            },
            "engines": {
                "node": ">=8"
            }
        },
        "node_modules/strip-ansi": {
            "version": "6.0.1",
            "dev": true,
            "license": "MIT",
            "dependencies": {
                "ansi-regex": "^5.0.1"
            },
            "engines": {
                "node": ">=8"
            }
        },
        "node_modules/supports-color": {
            "version": "8.1.1",
            "dev": true,
            "license": "MIT",
            "dependencies": {
                "has-flag": "^4.0.0"
            },
            "engines": {
                "node": ">=10"
            },
            "funding": {
                "url": "https://github.com/chalk/supports-color?sponsor=1"
            }
        },
        "node_modules/supports-preserve-symlinks-flag": {
            "version": "1.0.0",
            "dev": true,
            "license": "MIT",
            "engines": {
                "node": ">= 0.4"
            },
            "funding": {
                "url": "https://github.com/sponsors/ljharb"
            }
        },
        "node_modules/tree-kill": {
            "version": "1.2.2",
            "dev": true,
            "license": "MIT",
            "bin": {
                "tree-kill": "cli.js"
            }
        },
        "node_modules/tslib": {
            "version": "2.7.0",
            "license": "0BSD"
        },
        "node_modules/typedoc": {
            "version": "0.23.23",
            "dev": true,
            "license": "Apache-2.0",
            "dependencies": {
                "lunr": "^2.3.9",
                "marked": "^4.2.4",
                "minimatch": "^5.1.1",
                "shiki": "^0.11.1"
            },
            "bin": {
                "typedoc": "bin/typedoc"
            },
            "engines": {
                "node": ">= 14.14"
            },
            "peerDependencies": {
                "typescript": "4.6.x || 4.7.x || 4.8.x || 4.9.x"
            }
        },
        "node_modules/typescript": {
            "version": "4.9.5",
            "dev": true,
            "license": "Apache-2.0",
            "bin": {
                "tsc": "bin/tsc",
                "tsserver": "bin/tsserver"
            },
            "engines": {
                "node": ">=4.2.0"
            }
        },
        "node_modules/uuid": {
            "version": "8.3.2",
            "license": "MIT",
            "bin": {
                "uuid": "dist/bin/uuid"
            }
        },
        "node_modules/vscode-oniguruma": {
            "version": "1.7.0",
            "dev": true,
            "license": "MIT"
        },
        "node_modules/vscode-textmate": {
            "version": "6.0.0",
            "dev": true,
            "license": "MIT"
        },
        "node_modules/wrap-ansi": {
            "version": "7.0.0",
            "dev": true,
            "license": "MIT",
            "dependencies": {
                "ansi-styles": "^4.0.0",
                "string-width": "^4.1.0",
                "strip-ansi": "^6.0.0"
            },
            "engines": {
                "node": ">=10"
            },
            "funding": {
                "url": "https://github.com/chalk/wrap-ansi?sponsor=1"
            }
        },
        "node_modules/wrappy": {
            "version": "1.0.2",
            "dev": true,
            "license": "ISC"
        },
        "node_modules/y18n": {
            "version": "5.0.8",
            "dev": true,
            "license": "ISC",
            "engines": {
                "node": ">=10"
            }
        },
        "node_modules/yargs": {
            "version": "16.2.0",
            "dev": true,
            "license": "MIT",
            "dependencies": {
                "cliui": "^7.0.2",
                "escalade": "^3.1.1",
                "get-caller-file": "^2.0.5",
                "require-directory": "^2.1.1",
                "string-width": "^4.2.0",
                "y18n": "^5.0.5",
                "yargs-parser": "^20.2.2"
            },
            "engines": {
                "node": ">=10"
            }
        },
        "node_modules/yargs-parser": {
            "version": "20.2.9",
            "dev": true,
            "license": "ISC",
            "engines": {
                "node": ">=10"
            }
        }
    }
}
