
Microsoft Visual Studio Solution File, Format Version 12.00
Project("{FAE04EC0-301F-11D3-BF4B-00C04F79EFBC}") = "HelloWorld", "src\HelloWorld\HelloWorld.csproj", "{CE37B7BD-5345-439A-9D36-C85C9697CCA7}"
EndProject
Global
	GlobalSection(SolutionConfigurationPlatforms) = preSolution
		Debug|Any CPU = Debug|Any CPU
		Release|Any CPU = Release|Any CPU
	EndGlobalSection
	GlobalSection(ProjectConfigurationPlatforms) = postSolution
		{CE37B7BD-5345-439A-9D36-C85C9697CCA7}.Debug|Any CPU.ActiveCfg = Debug|Any CPU
		{CE37B7BD-5345-439A-9D36-C85C9697CCA7}.Debug|Any CPU.Build.0 = Debug|Any CPU
		{CE37B7BD-5345-439A-9D36-C85C9697CCA7}.Release|Any CPU.ActiveCfg = Release|Any CPU
		{CE37B7BD-5345-439A-9D36-C85C9697CCA7}.Release|Any CPU.Build.0 = Release|Any CPU
		{E6B4D579-F684-48AE-9B3C-F1A8FCA84CCC}.Debug|Any CPU.ActiveCfg = Debug|Any CPU
		{E6B4D579-F684-48AE-9B3C-F1A8FCA84CCC}.Debug|Any CPU.Build.0 = Debug|Any CPU
		{E6B4D579-F684-48AE-9B3C-F1A8FCA84CCC}.Release|Any CPU.ActiveCfg = Release|Any CPU
		{E6B4D579-F684-48AE-9B3C-F1A8FCA84CCC}.Release|Any CPU.Build.0 = Release|Any CPU
	EndGlobalSection
EndGlobal
