{
  "name": "@amzn/mynah-fully-qualified-names",
  "version": "0.1.0",
  "lockfileVersion": 1,
  "requires": true,
  "dependencies": {
    "nan": {
      "version": "2.16.0",
      "integrity": "sha512-UdAqHyFngu7TfQKsCBgAA6pWDkT8MAO7d0jyOecVhN5354xbLqdn8mV9Tat9gepAupm0bt2DbeaSC8vS52MuFA=="
    },
    "tree-sitter-python": {
      "version": "0.20.1",
      "integrity": "sha512-fyoWFw/C3pZG9AdYElUQlFLPQFxeUQZe0nDGv/ksESvedoPw9JBpPga2l9PNBX/QKMpTmVRB0lM2/l0LVMnFbg==",
      "requires": {
        "nan": "^2.15.0"
      }
    },
    "tree-sitter-typescript": {
      "version": "0.20.1",
      "integrity": "sha512-wqpnhdVYX26ATNXeZtprib4+mF2GlYQB1cjRPibYGxDRiugx5OfjWwLE4qPPxEGdp2ZLSmZVesGUjLWzfKo6rA==",
      "requires": {
        "nan": "^2.14.0"
      }
    },
    "web-tree-sitter": {
      "version": "0.20.7",
      "integrity": "sha512-flC9JJmTII9uAeeYpWF8hxDJ7bfY+leldQryetll8Nv4WgI+MXc6h7TiyAZASWl9uC9TvmfdgOjZn1DAQecb3A=="
    }
  }
}
