
Microsoft Visual Studio Solution File, Format Version 12.00
Project("{2150E333-8FDC-42A3-9474-1A3956D46DE8}") = "src", "src", "{242F86AA-AA1D-40B5-97DE-0C139E777832}"
EndProject
Project("{2150E333-8FDC-42A3-9474-1A3956D46DE8}") = "test", "test", "{D4523BB3-F07A-48EF-BE6B-4DD602F9C6F4}"
EndProject
Project("{FAE04EC0-301F-11D3-BF4B-00C04F79EFBC}") = "AWS.Daemon", "src\AWS.Daemon\AWS.Daemon.csproj", "{168E7AB3-EA27-42F3-AAAA-EB542274DF72}"
EndProject
Project("{FAE04EC0-301F-11D3-BF4B-00C04F79EFBC}") = "AWS.Psi", "src\AWS.Psi\AWS.Psi.csproj", "{A6C3DF73-FEA6-4A20-B45C-051D7D02C510}"
EndProject
Project("{FAE04EC0-301F-11D3-BF4B-00C04F79EFBC}") = "AWS.Localization", "src\AWS.Localization\AWS.Localization.csproj", "{A7D464FD-2D77-4BDB-9F89-A60C090B67FA}"
EndProject
Project("{FAE04EC0-301F-11D3-BF4B-00C04F79EFBC}") = "AWS.Settings", "src\AWS.Settings\AWS.Settings.csproj", "{03F889DD-2864-4EC5-911E-FC3AB883FA94}"
EndProject
Project("{FAE04EC0-301F-11D3-BF4B-00C04F79EFBC}") = "AWS.DebuggerTools", "src\AWS.DebuggerTools\AWS.DebuggerTools.csproj", "{494B1237-D2E3-45AD-8AA0-22C24A57741C}"
EndProject
Global
	GlobalSection(SolutionConfigurationPlatforms) = preSolution
		Debug|Any CPU = Debug|Any CPU
		Release|Any CPU = Release|Any CPU
	EndGlobalSection
	GlobalSection(ProjectConfigurationPlatforms) = postSolution
		{168E7AB3-EA27-42F3-AAAA-EB542274DF72}.Debug|Any CPU.ActiveCfg = Debug|Any CPU
		{168E7AB3-EA27-42F3-AAAA-EB542274DF72}.Debug|Any CPU.Build.0 = Debug|Any CPU
		{168E7AB3-EA27-42F3-AAAA-EB542274DF72}.Release|Any CPU.ActiveCfg = Release|Any CPU
		{168E7AB3-EA27-42F3-AAAA-EB542274DF72}.Release|Any CPU.Build.0 = Release|Any CPU
		{A6C3DF73-FEA6-4A20-B45C-051D7D02C510}.Debug|Any CPU.ActiveCfg = Debug|Any CPU
		{A6C3DF73-FEA6-4A20-B45C-051D7D02C510}.Debug|Any CPU.Build.0 = Debug|Any CPU
		{A6C3DF73-FEA6-4A20-B45C-051D7D02C510}.Release|Any CPU.ActiveCfg = Release|Any CPU
		{A6C3DF73-FEA6-4A20-B45C-051D7D02C510}.Release|Any CPU.Build.0 = Release|Any CPU
		{A7D464FD-2D77-4BDB-9F89-A60C090B67FA}.Debug|Any CPU.ActiveCfg = Debug|Any CPU
		{A7D464FD-2D77-4BDB-9F89-A60C090B67FA}.Debug|Any CPU.Build.0 = Debug|Any CPU
		{A7D464FD-2D77-4BDB-9F89-A60C090B67FA}.Release|Any CPU.ActiveCfg = Release|Any CPU
		{A7D464FD-2D77-4BDB-9F89-A60C090B67FA}.Release|Any CPU.Build.0 = Release|Any CPU
		{03F889DD-2864-4EC5-911E-FC3AB883FA94}.Debug|Any CPU.ActiveCfg = Debug|Any CPU
		{03F889DD-2864-4EC5-911E-FC3AB883FA94}.Debug|Any CPU.Build.0 = Debug|Any CPU
		{03F889DD-2864-4EC5-911E-FC3AB883FA94}.Release|Any CPU.ActiveCfg = Release|Any CPU
		{03F889DD-2864-4EC5-911E-FC3AB883FA94}.Release|Any CPU.Build.0 = Release|Any CPU
		{494B1237-D2E3-45AD-8AA0-22C24A57741C}.Debug|Any CPU.ActiveCfg = Debug|Any CPU
		{494B1237-D2E3-45AD-8AA0-22C24A57741C}.Debug|Any CPU.Build.0 = Debug|Any CPU
		{494B1237-D2E3-45AD-8AA0-22C24A57741C}.Release|Any CPU.ActiveCfg = Release|Any CPU
		{494B1237-D2E3-45AD-8AA0-22C24A57741C}.Release|Any CPU.Build.0 = Release|Any CPU
	EndGlobalSection
	GlobalSection(NestedProjects) = preSolution
		{168E7AB3-EA27-42F3-AAAA-EB542274DF72} = {242F86AA-AA1D-40B5-97DE-0C139E777832}
		{A6C3DF73-FEA6-4A20-B45C-051D7D02C510} = {242F86AA-AA1D-40B5-97DE-0C139E777832}
		{A7D464FD-2D77-4BDB-9F89-A60C090B67FA} = {242F86AA-AA1D-40B5-97DE-0C139E777832}
		{03F889DD-2864-4EC5-911E-FC3AB883FA94} = {242F86AA-AA1D-40B5-97DE-0C139E777832}
		{494B1237-D2E3-45AD-8AA0-22C24A57741C} = {242F86AA-AA1D-40B5-97DE-0C139E777832}
	EndGlobalSection
EndGlobal
