
Microsoft Visual Studio Solution File, Format Version 12.00
# Visual Studio Version 17
VisualStudioVersion = 17.5.002.0
MinimumVisualStudioVersion = 10.0.40219.1
Project("{2150E333-8FDC-42A3-9474-1A3956D46DE8}") = "core", "core", "{3662F7CA-DA5C-48C5-A58C-DB9128B54920}"
EndProject
Project("{2150E333-8FDC-42A3-9474-1A3956D46DE8}") = "src", "src", "{0FE72B5A-4F40-46CF-9DE9-F5C0B51F46DD}"
EndProject
Project("{2150E333-8FDC-42A3-9474-1A3956D46DE8}") = "testFixtures", "testFixtures", "{DA633E74-C3EE-482D-AF4A-C4D232DEC673}"
EndProject
Project("{2150E333-8FDC-42A3-9474-1A3956D46DE8}") = "workspaceFolder", "workspaceFolder", "{DD83FD75-5CFC-4BC0-B272-D5A07023F6C4}"
EndProject
Project("{2150E333-8FDC-42A3-9474-1A3956D46DE8}") = "csharp6-zip", "csharp6-zip", "{8A5C6E70-36B1-4F8D-8F56-1B3E51CCAFB5}"
EndProject
Project("{2150E333-8FDC-42A3-9474-1A3956D46DE8}") = "src", "src", "{F038FFD9-4002-4E48-9E84-3A86DAF450BD}"
EndProject
Project("{9A19103F-16F7-4668-BE54-9A1E7A4F7556}") = "HelloWorld", "core\src\testFixtures\workspaceFolder\csharp6-zip\src\HelloWorld\HelloWorld.csproj", "{04BCC362-774F-46E9-ACF3-9F28642FE51F}"
EndProject
Project("{2150E333-8FDC-42A3-9474-1A3956D46DE8}") = "csharp6-image", "csharp6-image", "{9F0912E6-7DC9-4EC8-AB2D-F2C6DD6B0A8A}"
EndProject
Project("{2150E333-8FDC-42A3-9474-1A3956D46DE8}") = "src", "src", "{3AE64CF5-76F4-461A-BD51-FC7DA2034AE9}"
EndProject
Project("{9A19103F-16F7-4668-BE54-9A1E7A4F7556}") = "HelloWorld", "core\src\testFixtures\workspaceFolder\csharp6-image\src\HelloWorld\HelloWorld.csproj", "{0C1605C7-2B1D-4507-A87C-89AE54DEAA6C}"
EndProject
Project("{2150E333-8FDC-42A3-9474-1A3956D46DE8}") = "dist", "dist", "{BDB66D84-68C4-4851-BFD8-3A3BEABD4A83}"
EndProject
Project("{2150E333-8FDC-42A3-9474-1A3956D46DE8}") = "src", "src", "{0E9372EE-5953-4EAE-BE10-C7F8D2D265AA}"
EndProject
Project("{2150E333-8FDC-42A3-9474-1A3956D46DE8}") = "testFixtures", "testFixtures", "{0F3C19F0-967E-4CC2-8CD3-3FC0EF590F6D}"
EndProject
Project("{2150E333-8FDC-42A3-9474-1A3956D46DE8}") = "workspaceFolder", "workspaceFolder", "{A11BCE96-C822-4861-BAE9-532DE5329F9A}"
EndProject
Project("{2150E333-8FDC-42A3-9474-1A3956D46DE8}") = "csharp6-zip", "csharp6-zip", "{380769FC-169B-4356-AD25-8E07C352FF04}"
EndProject
Project("{2150E333-8FDC-42A3-9474-1A3956D46DE8}") = "src", "src", "{9BED6872-6C2C-4457-803D-98751443065A}"
EndProject
Project("{9A19103F-16F7-4668-BE54-9A1E7A4F7556}") = "HelloWorld", "core\dist\src\testFixtures\workspaceFolder\csharp6-zip\src\HelloWorld\HelloWorld.csproj", "{3553B9A2-130A-4FD0-91E1-D4CC578325E0}"
EndProject
Project("{2150E333-8FDC-42A3-9474-1A3956D46DE8}") = "csharp6-image", "csharp6-image", "{777201A7-2AED-4906-A85E-6486311DBE9A}"
EndProject
Project("{2150E333-8FDC-42A3-9474-1A3956D46DE8}") = "src", "src", "{5F8D98C5-538B-4BDB-8A1C-27B599746DBB}"
EndProject
Project("{9A19103F-16F7-4668-BE54-9A1E7A4F7556}") = "HelloWorld", "core\dist\src\testFixtures\workspaceFolder\csharp6-image\src\HelloWorld\HelloWorld.csproj", "{D7909380-B755-414B-92BA-9AAD23F4BD0B}"
EndProject
Global
	GlobalSection(SolutionConfigurationPlatforms) = preSolution
		Debug|Any CPU = Debug|Any CPU
		Release|Any CPU = Release|Any CPU
	EndGlobalSection
	GlobalSection(ProjectConfigurationPlatforms) = postSolution
		{04BCC362-774F-46E9-ACF3-9F28642FE51F}.Debug|Any CPU.ActiveCfg = Debug|Any CPU
		{04BCC362-774F-46E9-ACF3-9F28642FE51F}.Debug|Any CPU.Build.0 = Debug|Any CPU
		{04BCC362-774F-46E9-ACF3-9F28642FE51F}.Release|Any CPU.ActiveCfg = Release|Any CPU
		{04BCC362-774F-46E9-ACF3-9F28642FE51F}.Release|Any CPU.Build.0 = Release|Any CPU
		{0C1605C7-2B1D-4507-A87C-89AE54DEAA6C}.Debug|Any CPU.ActiveCfg = Debug|Any CPU
		{0C1605C7-2B1D-4507-A87C-89AE54DEAA6C}.Debug|Any CPU.Build.0 = Debug|Any CPU
		{0C1605C7-2B1D-4507-A87C-89AE54DEAA6C}.Release|Any CPU.ActiveCfg = Release|Any CPU
		{0C1605C7-2B1D-4507-A87C-89AE54DEAA6C}.Release|Any CPU.Build.0 = Release|Any CPU
		{3553B9A2-130A-4FD0-91E1-D4CC578325E0}.Debug|Any CPU.ActiveCfg = Debug|Any CPU
		{3553B9A2-130A-4FD0-91E1-D4CC578325E0}.Debug|Any CPU.Build.0 = Debug|Any CPU
		{3553B9A2-130A-4FD0-91E1-D4CC578325E0}.Release|Any CPU.ActiveCfg = Release|Any CPU
		{3553B9A2-130A-4FD0-91E1-D4CC578325E0}.Release|Any CPU.Build.0 = Release|Any CPU
		{D7909380-B755-414B-92BA-9AAD23F4BD0B}.Debug|Any CPU.ActiveCfg = Debug|Any CPU
		{D7909380-B755-414B-92BA-9AAD23F4BD0B}.Debug|Any CPU.Build.0 = Debug|Any CPU
		{D7909380-B755-414B-92BA-9AAD23F4BD0B}.Release|Any CPU.ActiveCfg = Release|Any CPU
		{D7909380-B755-414B-92BA-9AAD23F4BD0B}.Release|Any CPU.Build.0 = Release|Any CPU
	EndGlobalSection
	GlobalSection(SolutionProperties) = preSolution
		HideSolutionNode = FALSE
	EndGlobalSection
	GlobalSection(NestedProjects) = preSolution
		{0FE72B5A-4F40-46CF-9DE9-F5C0B51F46DD} = {3662F7CA-DA5C-48C5-A58C-DB9128B54920}
		{DA633E74-C3EE-482D-AF4A-C4D232DEC673} = {0FE72B5A-4F40-46CF-9DE9-F5C0B51F46DD}
		{DD83FD75-5CFC-4BC0-B272-D5A07023F6C4} = {DA633E74-C3EE-482D-AF4A-C4D232DEC673}
		{8A5C6E70-36B1-4F8D-8F56-1B3E51CCAFB5} = {DD83FD75-5CFC-4BC0-B272-D5A07023F6C4}
		{F038FFD9-4002-4E48-9E84-3A86DAF450BD} = {8A5C6E70-36B1-4F8D-8F56-1B3E51CCAFB5}
		{04BCC362-774F-46E9-ACF3-9F28642FE51F} = {F038FFD9-4002-4E48-9E84-3A86DAF450BD}
		{9F0912E6-7DC9-4EC8-AB2D-F2C6DD6B0A8A} = {DD83FD75-5CFC-4BC0-B272-D5A07023F6C4}
		{3AE64CF5-76F4-461A-BD51-FC7DA2034AE9} = {9F0912E6-7DC9-4EC8-AB2D-F2C6DD6B0A8A}
		{0C1605C7-2B1D-4507-A87C-89AE54DEAA6C} = {3AE64CF5-76F4-461A-BD51-FC7DA2034AE9}
		{BDB66D84-68C4-4851-BFD8-3A3BEABD4A83} = {3662F7CA-DA5C-48C5-A58C-DB9128B54920}
		{0E9372EE-5953-4EAE-BE10-C7F8D2D265AA} = {BDB66D84-68C4-4851-BFD8-3A3BEABD4A83}
		{0F3C19F0-967E-4CC2-8CD3-3FC0EF590F6D} = {0E9372EE-5953-4EAE-BE10-C7F8D2D265AA}
		{A11BCE96-C822-4861-BAE9-532DE5329F9A} = {0F3C19F0-967E-4CC2-8CD3-3FC0EF590F6D}
		{380769FC-169B-4356-AD25-8E07C352FF04} = {A11BCE96-C822-4861-BAE9-532DE5329F9A}
		{9BED6872-6C2C-4457-803D-98751443065A} = {380769FC-169B-4356-AD25-8E07C352FF04}
		{3553B9A2-130A-4FD0-91E1-D4CC578325E0} = {9BED6872-6C2C-4457-803D-98751443065A}
		{777201A7-2AED-4906-A85E-6486311DBE9A} = {A11BCE96-C822-4861-BAE9-532DE5329F9A}
		{5F8D98C5-538B-4BDB-8A1C-27B599746DBB} = {777201A7-2AED-4906-A85E-6486311DBE9A}
		{D7909380-B755-414B-92BA-9AAD23F4BD0B} = {5F8D98C5-538B-4BDB-8A1C-27B599746DBB}
	EndGlobalSection
	GlobalSection(ExtensibilityGlobals) = postSolution
		SolutionGuid = {51B8F342-FE29-46A9-AEDF-5A1280A2145B}
	EndGlobalSection
EndGlobal
